
Microsoft Visual Studio Solution File, Format Version 11.00
# Visual Studio 2010
# SharpDevelop 5.1
Project("{FAE04EC0-301F-11D3-BF4B-00C04F79EFBC}") = "JaniSql", "JaniSql\JaniSql.csproj", "{B62C4DD9-E7AD-4554-9BE5-8E9EC27A0E3E}"
EndProject
Global
	GlobalSection(SolutionConfigurationPlatforms) = preSolution
		Debug|Any CPU = Debug|Any CPU
		Release|Any CPU = Release|Any CPU
	EndGlobalSection
	GlobalSection(ProjectConfigurationPlatforms) = postSolution
		{B62C4DD9-E7AD-4554-9BE5-8E9EC27A0E3E}.Debug|Any CPU.ActiveCfg = Debug|Any CPU
		{B62C4DD9-E7AD-4554-9BE5-8E9EC27A0E3E}.Debug|Any CPU.Build.0 = Debug|Any CPU
		{B62C4DD9-E7AD-4554-9BE5-8E9EC27A0E3E}.Release|Any CPU.ActiveCfg = Release|Any CPU
		{B62C4DD9-E7AD-4554-9BE5-8E9EC27A0E3E}.Release|Any CPU.Build.0 = Release|Any CPU
	EndGlobalSection
EndGlobal
